
Microsoft Visual Studio Solution File, Format Version 12.00
# Visual Studio Version 17
VisualStudioVersion = 17.14.36408.4
MinimumVisualStudioVersion = 10.0.40219.1
Project("{9A19103F-16F7-4668-BE54-9A1E7A4F7556}") = "Properties.API", "Properties.API\Properties.API.csproj", "{2D946DCA-4E90-431D-86F9-49721E70B141}"
EndProject
Project("{9A19103F-16F7-4668-BE54-9A1E7A4F7556}") = "Properties.Application", "Propierties.Application\Properties.Application.csproj", "{0D0BBEC7-356C-406D-840F-8AE20E28B1FF}"
EndProject
Project("{9A19103F-16F7-4668-BE54-9A1E7A4F7556}") = "Properties.Contracts", "Properties.Contracts\Properties.Contracts.csproj", "{EE129120-2188-43A6-87B0-0A1F111C06ED}"
EndProject
Project("{9A19103F-16F7-4668-BE54-9A1E7A4F7556}") = "Properties.Domain", "Properties.Domain\Properties.Domain.csproj", "{F3EF0423-7DE4-4E3C-A5BD-91AECA57FC28}"
EndProject
Project("{9A19103F-16F7-4668-BE54-9A1E7A4F7556}") = "Properties.Infrastructure", "Properties.Infrastructure\Properties.Infrastructure.csproj", "{0915BB2A-FAF8-4B59-ACF5-E098D958F358}"
EndProject
Global
	GlobalSection(SolutionConfigurationPlatforms) = preSolution
		Debug|Any CPU = Debug|Any CPU
		Release|Any CPU = Release|Any CPU
	EndGlobalSection
	GlobalSection(ProjectConfigurationPlatforms) = postSolution
		{2D946DCA-4E90-431D-86F9-49721E70B141}.Debug|Any CPU.ActiveCfg = Debug|Any CPU
		{2D946DCA-4E90-431D-86F9-49721E70B141}.Debug|Any CPU.Build.0 = Debug|Any CPU
		{2D946DCA-4E90-431D-86F9-49721E70B141}.Release|Any CPU.ActiveCfg = Release|Any CPU
		{2D946DCA-4E90-431D-86F9-49721E70B141}.Release|Any CPU.Build.0 = Release|Any CPU
		{0D0BBEC7-356C-406D-840F-8AE20E28B1FF}.Debug|Any CPU.ActiveCfg = Debug|Any CPU
		{0D0BBEC7-356C-406D-840F-8AE20E28B1FF}.Debug|Any CPU.Build.0 = Debug|Any CPU
		{0D0BBEC7-356C-406D-840F-8AE20E28B1FF}.Release|Any CPU.ActiveCfg = Release|Any CPU
		{0D0BBEC7-356C-406D-840F-8AE20E28B1FF}.Release|Any CPU.Build.0 = Release|Any CPU
		{EE129120-2188-43A6-87B0-0A1F111C06ED}.Debug|Any CPU.ActiveCfg = Debug|Any CPU
		{EE129120-2188-43A6-87B0-0A1F111C06ED}.Debug|Any CPU.Build.0 = Debug|Any CPU
		{EE129120-2188-43A6-87B0-0A1F111C06ED}.Release|Any CPU.ActiveCfg = Release|Any CPU
		{EE129120-2188-43A6-87B0-0A1F111C06ED}.Release|Any CPU.Build.0 = Release|Any CPU
		{F3EF0423-7DE4-4E3C-A5BD-91AECA57FC28}.Debug|Any CPU.ActiveCfg = Debug|Any CPU
		{F3EF0423-7DE4-4E3C-A5BD-91AECA57FC28}.Debug|Any CPU.Build.0 = Debug|Any CPU
		{F3EF0423-7DE4-4E3C-A5BD-91AECA57FC28}.Release|Any CPU.ActiveCfg = Release|Any CPU
		{F3EF0423-7DE4-4E3C-A5BD-91AECA57FC28}.Release|Any CPU.Build.0 = Release|Any CPU
		{0915BB2A-FAF8-4B59-ACF5-E098D958F358}.Debug|Any CPU.ActiveCfg = Debug|Any CPU
		{0915BB2A-FAF8-4B59-ACF5-E098D958F358}.Debug|Any CPU.Build.0 = Debug|Any CPU
		{0915BB2A-FAF8-4B59-ACF5-E098D958F358}.Release|Any CPU.ActiveCfg = Release|Any CPU
		{0915BB2A-FAF8-4B59-ACF5-E098D958F358}.Release|Any CPU.Build.0 = Release|Any CPU
	EndGlobalSection
	GlobalSection(SolutionProperties) = preSolution
		HideSolutionNode = FALSE
	EndGlobalSection
	GlobalSection(ExtensibilityGlobals) = postSolution
		SolutionGuid = {02D2974C-925E-407A-AF22-6930A52A94B0}
	EndGlobalSection
EndGlobal
